
Microsoft Visual Studio Solution File, Format Version 12.00
# Visual Studio 2012
Project("{FAE04EC0-301F-11D3-BF4B-00C04F79EFBC}") = "GummyBearKingdom", "GummyBearKingdom\GummyBearKingdom.csproj", "{1556B2AA-163A-48B2-BD9C-0AC18AA572BE}"
EndProject
Project("{FAE04EC0-301F-11D3-BF4B-00C04F79EFBC}") = "GummyBearKingdom.Tests", "GummyBearKingdom.Tests\GummyBearKingdom.Tests.csproj", "{7652EE9B-A96B-4306-BC69-45D6A19B7029}"
EndProject
Project("{2150E333-8FDC-42A3-9474-1A3956D46DE8}") = "Solution Items", "Solution Items", "{F2C44963-012E-4FA5-8C51-00267CFAF63B}"
	ProjectSection(SolutionItems) = preProject
		README.md = README.md
	EndProjectSection
EndProject
Global
	GlobalSection(SolutionConfigurationPlatforms) = preSolution
		Debug|Any CPU = Debug|Any CPU
		Release|Any CPU = Release|Any CPU
	EndGlobalSection
	GlobalSection(ProjectConfigurationPlatforms) = postSolution
		{1556B2AA-163A-48B2-BD9C-0AC18AA572BE}.Debug|Any CPU.ActiveCfg = Debug|Any CPU
		{1556B2AA-163A-48B2-BD9C-0AC18AA572BE}.Debug|Any CPU.Build.0 = Debug|Any CPU
		{1556B2AA-163A-48B2-BD9C-0AC18AA572BE}.Release|Any CPU.ActiveCfg = Release|Any CPU
		{1556B2AA-163A-48B2-BD9C-0AC18AA572BE}.Release|Any CPU.Build.0 = Release|Any CPU
		{7652EE9B-A96B-4306-BC69-45D6A19B7029}.Debug|Any CPU.ActiveCfg = Debug|Any CPU
		{7652EE9B-A96B-4306-BC69-45D6A19B7029}.Debug|Any CPU.Build.0 = Debug|Any CPU
		{7652EE9B-A96B-4306-BC69-45D6A19B7029}.Release|Any CPU.ActiveCfg = Release|Any CPU
		{7652EE9B-A96B-4306-BC69-45D6A19B7029}.Release|Any CPU.Build.0 = Release|Any CPU
	EndGlobalSection
EndGlobal
